
Microsoft Visual Studio Solution File, Format Version 12.00
# Visual Studio Version 16
VisualStudioVersion = 16.0.30907.101
MinimumVisualStudioVersion = 10.0.40219.1
Project("{9A19103F-16F7-4668-BE54-9A1E7A4F7556}") = "KampIntro", "KampIntro\KampIntro.csproj", "{960A1305-2E6B-4544-BF3A-E8E2A19D4E2A}"
EndProject
Project("{9A19103F-16F7-4668-BE54-9A1E7A4F7556}") = "Loops", "Loops\Loops.csproj", "{63D789F2-0AD8-4B2C-B5AF-1644393BA36B}"
EndProject
Project("{9A19103F-16F7-4668-BE54-9A1E7A4F7556}") = "ClassesIntro", "Classes\ClassesIntro.csproj", "{0C090761-3E3F-4451-88F8-AE5109ED35B5}"
EndProject
Project("{FAE04EC0-301F-11D3-BF4B-00C04F79EFBC}") = "LoopsExample", "LoopsExample\LoopsExample.csproj", "{8D36E969-5643-4F6F-973A-52DE86E87592}"
EndProject
Global
	GlobalSection(SolutionConfigurationPlatforms) = preSolution
		Debug|Any CPU = Debug|Any CPU
		Release|Any CPU = Release|Any CPU
	EndGlobalSection
	GlobalSection(ProjectConfigurationPlatforms) = postSolution
		{960A1305-2E6B-4544-BF3A-E8E2A19D4E2A}.Debug|Any CPU.ActiveCfg = Debug|Any CPU
		{960A1305-2E6B-4544-BF3A-E8E2A19D4E2A}.Debug|Any CPU.Build.0 = Debug|Any CPU
		{960A1305-2E6B-4544-BF3A-E8E2A19D4E2A}.Release|Any CPU.ActiveCfg = Release|Any CPU
		{960A1305-2E6B-4544-BF3A-E8E2A19D4E2A}.Release|Any CPU.Build.0 = Release|Any CPU
		{63D789F2-0AD8-4B2C-B5AF-1644393BA36B}.Debug|Any CPU.ActiveCfg = Debug|Any CPU
		{63D789F2-0AD8-4B2C-B5AF-1644393BA36B}.Debug|Any CPU.Build.0 = Debug|Any CPU
		{63D789F2-0AD8-4B2C-B5AF-1644393BA36B}.Release|Any CPU.ActiveCfg = Release|Any CPU
		{63D789F2-0AD8-4B2C-B5AF-1644393BA36B}.Release|Any CPU.Build.0 = Release|Any CPU
		{0C090761-3E3F-4451-88F8-AE5109ED35B5}.Debug|Any CPU.ActiveCfg = Debug|Any CPU
		{0C090761-3E3F-4451-88F8-AE5109ED35B5}.Debug|Any CPU.Build.0 = Debug|Any CPU
		{0C090761-3E3F-4451-88F8-AE5109ED35B5}.Release|Any CPU.ActiveCfg = Release|Any CPU
		{0C090761-3E3F-4451-88F8-AE5109ED35B5}.Release|Any CPU.Build.0 = Release|Any CPU
		{8D36E969-5643-4F6F-973A-52DE86E87592}.Debug|Any CPU.ActiveCfg = Debug|Any CPU
		{8D36E969-5643-4F6F-973A-52DE86E87592}.Debug|Any CPU.Build.0 = Debug|Any CPU
		{8D36E969-5643-4F6F-973A-52DE86E87592}.Release|Any CPU.ActiveCfg = Release|Any CPU
		{8D36E969-5643-4F6F-973A-52DE86E87592}.Release|Any CPU.Build.0 = Release|Any CPU
	EndGlobalSection
	GlobalSection(SolutionProperties) = preSolution
		HideSolutionNode = FALSE
	EndGlobalSection
	GlobalSection(ExtensibilityGlobals) = postSolution
		SolutionGuid = {7197FCC2-03E8-4DBD-BDC4-1AB5D6AA3EFC}
	EndGlobalSection
EndGlobal
